
Microsoft Visual Studio Solution File, Format Version 12.00
# Visual Studio Version 17
VisualStudioVersion = 17.13.35931.197
MinimumVisualStudioVersion = 10.0.40219.1
Project("{2150E333-8FDC-42A3-9474-1A3956D46DE8}") = "src", "src", "{02EA681E-C7D8-13C7-8484-4AC65E1B71E8}"
EndProject
Project("{2150E333-8FDC-42A3-9474-1A3956D46DE8}") = "test", "test", "{8AF3D992-8328-4FDA-9F3F-90932DF78245}"
EndProject
Project("{FAE04EC0-301F-11D3-BF4B-00C04F79EFBC}") = "Yuri.ArmsMall.Domain.Shared", "src\Yuri.ArmsMall.Domain.Shared\Yuri.ArmsMall.Domain.Shared.csproj", "{7A83C7D5-9803-4D72-858F-0675BA46E1BD}"
EndProject
Project("{FAE04EC0-301F-11D3-BF4B-00C04F79EFBC}") = "Yuri.ArmsMall.Domain", "src\Yuri.ArmsMall.Domain\Yuri.ArmsMall.Domain.csproj", "{034409D0-78EB-44A1-A933-83817A435452}"
EndProject
Project("{FAE04EC0-301F-11D3-BF4B-00C04F79EFBC}") = "Yuri.ArmsMall.Application.Contracts", "src\Yuri.ArmsMall.Application.Contracts\Yuri.ArmsMall.Application.Contracts.csproj", "{DEF7C606-DBB5-4F86-A89C-31BC00B71FE2}"
EndProject
Project("{FAE04EC0-301F-11D3-BF4B-00C04F79EFBC}") = "Yuri.ArmsMall.Application", "src\Yuri.ArmsMall.Application\Yuri.ArmsMall.Application.csproj", "{06A4ABF4-68C3-4F97-9D78-B76F527C7F46}"
EndProject
Project("{FAE04EC0-301F-11D3-BF4B-00C04F79EFBC}") = "Yuri.ArmsMall.EntityFrameworkCore", "src\Yuri.ArmsMall.EntityFrameworkCore\Yuri.ArmsMall.EntityFrameworkCore.csproj", "{A6F3F6E9-3C38-4257-B4A9-18230C702739}"
EndProject
Project("{FAE04EC0-301F-11D3-BF4B-00C04F79EFBC}") = "Yuri.ArmsMall.Common", "src\Yuri.ArmsMall.Common\Yuri.ArmsMall.Common.csproj", "{DDD10039-C10F-475F-B1AF-ECC0A089C869}"
EndProject
Project("{FAE04EC0-301F-11D3-BF4B-00C04F79EFBC}") = "Yuri.ArmsMall.Api", "src\Yuri.ArmsMall.Api\Yuri.ArmsMall.Api.csproj", "{46F0EDC1-44CA-4527-BF90-D8F0B6EB2BA2}"
EndProject
Global
	GlobalSection(SolutionConfigurationPlatforms) = preSolution
		Debug|Any CPU = Debug|Any CPU
		Release|Any CPU = Release|Any CPU
	EndGlobalSection
	GlobalSection(ProjectConfigurationPlatforms) = postSolution
		{7A83C7D5-9803-4D72-858F-0675BA46E1BD}.Debug|Any CPU.ActiveCfg = Debug|Any CPU
		{7A83C7D5-9803-4D72-858F-0675BA46E1BD}.Debug|Any CPU.Build.0 = Debug|Any CPU
		{7A83C7D5-9803-4D72-858F-0675BA46E1BD}.Release|Any CPU.ActiveCfg = Release|Any CPU
		{7A83C7D5-9803-4D72-858F-0675BA46E1BD}.Release|Any CPU.Build.0 = Release|Any CPU
		{034409D0-78EB-44A1-A933-83817A435452}.Debug|Any CPU.ActiveCfg = Debug|Any CPU
		{034409D0-78EB-44A1-A933-83817A435452}.Debug|Any CPU.Build.0 = Debug|Any CPU
		{034409D0-78EB-44A1-A933-83817A435452}.Release|Any CPU.ActiveCfg = Release|Any CPU
		{034409D0-78EB-44A1-A933-83817A435452}.Release|Any CPU.Build.0 = Release|Any CPU
		{DEF7C606-DBB5-4F86-A89C-31BC00B71FE2}.Debug|Any CPU.ActiveCfg = Debug|Any CPU
		{DEF7C606-DBB5-4F86-A89C-31BC00B71FE2}.Debug|Any CPU.Build.0 = Debug|Any CPU
		{DEF7C606-DBB5-4F86-A89C-31BC00B71FE2}.Release|Any CPU.ActiveCfg = Release|Any CPU
		{DEF7C606-DBB5-4F86-A89C-31BC00B71FE2}.Release|Any CPU.Build.0 = Release|Any CPU
		{06A4ABF4-68C3-4F97-9D78-B76F527C7F46}.Debug|Any CPU.ActiveCfg = Debug|Any CPU
		{06A4ABF4-68C3-4F97-9D78-B76F527C7F46}.Debug|Any CPU.Build.0 = Debug|Any CPU
		{06A4ABF4-68C3-4F97-9D78-B76F527C7F46}.Release|Any CPU.ActiveCfg = Release|Any CPU
		{06A4ABF4-68C3-4F97-9D78-B76F527C7F46}.Release|Any CPU.Build.0 = Release|Any CPU
		{A6F3F6E9-3C38-4257-B4A9-18230C702739}.Debug|Any CPU.ActiveCfg = Debug|Any CPU
		{A6F3F6E9-3C38-4257-B4A9-18230C702739}.Debug|Any CPU.Build.0 = Debug|Any CPU
		{A6F3F6E9-3C38-4257-B4A9-18230C702739}.Release|Any CPU.ActiveCfg = Release|Any CPU
		{A6F3F6E9-3C38-4257-B4A9-18230C702739}.Release|Any CPU.Build.0 = Release|Any CPU
		{DDD10039-C10F-475F-B1AF-ECC0A089C869}.Debug|Any CPU.ActiveCfg = Debug|Any CPU
		{DDD10039-C10F-475F-B1AF-ECC0A089C869}.Debug|Any CPU.Build.0 = Debug|Any CPU
		{DDD10039-C10F-475F-B1AF-ECC0A089C869}.Release|Any CPU.ActiveCfg = Release|Any CPU
		{DDD10039-C10F-475F-B1AF-ECC0A089C869}.Release|Any CPU.Build.0 = Release|Any CPU
		{46F0EDC1-44CA-4527-BF90-D8F0B6EB2BA2}.Debug|Any CPU.ActiveCfg = Debug|Any CPU
		{46F0EDC1-44CA-4527-BF90-D8F0B6EB2BA2}.Debug|Any CPU.Build.0 = Debug|Any CPU
		{46F0EDC1-44CA-4527-BF90-D8F0B6EB2BA2}.Release|Any CPU.ActiveCfg = Release|Any CPU
		{46F0EDC1-44CA-4527-BF90-D8F0B6EB2BA2}.Release|Any CPU.Build.0 = Release|Any CPU
	EndGlobalSection
	GlobalSection(SolutionProperties) = preSolution
		HideSolutionNode = FALSE
	EndGlobalSection
	GlobalSection(NestedProjects) = preSolution
		{7A83C7D5-9803-4D72-858F-0675BA46E1BD} = {02EA681E-C7D8-13C7-8484-4AC65E1B71E8}
		{034409D0-78EB-44A1-A933-83817A435452} = {02EA681E-C7D8-13C7-8484-4AC65E1B71E8}
		{DEF7C606-DBB5-4F86-A89C-31BC00B71FE2} = {02EA681E-C7D8-13C7-8484-4AC65E1B71E8}
		{06A4ABF4-68C3-4F97-9D78-B76F527C7F46} = {02EA681E-C7D8-13C7-8484-4AC65E1B71E8}
		{A6F3F6E9-3C38-4257-B4A9-18230C702739} = {02EA681E-C7D8-13C7-8484-4AC65E1B71E8}
		{DDD10039-C10F-475F-B1AF-ECC0A089C869} = {02EA681E-C7D8-13C7-8484-4AC65E1B71E8}
		{46F0EDC1-44CA-4527-BF90-D8F0B6EB2BA2} = {02EA681E-C7D8-13C7-8484-4AC65E1B71E8}
	EndGlobalSection
	GlobalSection(ExtensibilityGlobals) = postSolution
		SolutionGuid = {2AEF2383-25DA-44BC-8C51-EE25AAAAB24E}
	EndGlobalSection
EndGlobal
